
Microsoft Visual Studio Solution File, Format Version 12.00
# Visual Studio Version 17
VisualStudioVersion = 17.13.35919.96 d17.13
MinimumVisualStudioVersion = 10.0.40219.1
Project("{FAE04EC0-301F-11D3-BF4B-00C04F79EFBC}") = "JollibeePOS", "JollibeePOS\JollibeePOS.csproj", "{7ADA2839-9A54-4548-A581-3FF8317F75C4}"
EndProject
Global
	GlobalSection(SolutionConfigurationPlatforms) = preSolution
		Debug|Any CPU = Debug|Any CPU
		Release|Any CPU = Release|Any CPU
	EndGlobalSection
	GlobalSection(ProjectConfigurationPlatforms) = postSolution
		{7ADA2839-9A54-4548-A581-3FF8317F75C4}.Debug|Any CPU.ActiveCfg = Debug|Any CPU
		{7ADA2839-9A54-4548-A581-3FF8317F75C4}.Debug|Any CPU.Build.0 = Debug|Any CPU
		{7ADA2839-9A54-4548-A581-3FF8317F75C4}.Release|Any CPU.ActiveCfg = Release|Any CPU
		{7ADA2839-9A54-4548-A581-3FF8317F75C4}.Release|Any CPU.Build.0 = Release|Any CPU
	EndGlobalSection
	GlobalSection(SolutionProperties) = preSolution
		HideSolutionNode = FALSE
	EndGlobalSection
	GlobalSection(ExtensibilityGlobals) = postSolution
		SolutionGuid = {45EE6C0C-4FED-43EC-B5C8-BD388B1E5CDE}
	EndGlobalSection
EndGlobal
